github.com/aronfan/shmcore v0.0.0-20201207055201-67e1bdfc4a33 h1:180jYuAV4USW1LP8HXRtI9X5dtVTHmtwu8TZ+zkjToM=
github.com/aronfan/shmcore v0.0.0-20201207055201-67e1bdfc4a33/go.mod h1:HgPddapK5Dz1cqTEeUM7ynz5rLs/eawCJFsjMnjVLSw=
github.com/aronfan/xerrors v1.0.0 h1:fNb8HYy5p72Ane1x/DX3fQiNeIFL7enbjdPwr9Xjf7E=
github.com/aronfan/xerrors v1.0.0/go.mod h1:d9vIes2bnlWfu6X5UfXEWO1GUpL8E/YXi8B9HTODpw0=
